
Microsoft Visual Studio Solution File, Format Version 12.00
# Visual Studio 2013
VisualStudioVersion = 12.0.30501.0
MinimumVisualStudioVersion = 10.0.40219.1
Project("{FAE04EC0-301F-11D3-BF4B-00C04F79EFBC}") = "Speakers", "Speakers\Speakers\Speakers.csproj", "{DAB5FF2C-3275-46D7-A2C9-ACA4E4BE72E5}"
EndProject
Project("{FAE04EC0-301F-11D3-BF4B-00C04F79EFBC}") = "Speakers.iOS", "Speakers\Speakers.iOS\Speakers.iOS.csproj", "{02C294A6-EB62-4856-96CA-DAAA4DA18D23}"
EndProject
Project("{FAE04EC0-301F-11D3-BF4B-00C04F79EFBC}") = "Speakers.Android", "Speakers\Speakers.Android\Speakers.Android.csproj", "{A74BA15D-64C7-449F-A6AE-167B299C2D7E}"
EndProject
Project("{FAE04EC0-301F-11D3-BF4B-00C04F79EFBC}") = "Speakers.WinPhone", "Speakers\Speakers.WinPhone\Speakers.WinPhone.csproj", "{1D91AB51-0CF3-4432-BAB0-228F53099854}"
EndProject
Global
	GlobalSection(SolutionConfigurationPlatforms) = preSolution
		Ad-Hoc|Any CPU = Ad-Hoc|Any CPU
		Ad-Hoc|ARM = Ad-Hoc|ARM
		Ad-Hoc|iPhone = Ad-Hoc|iPhone
		Ad-Hoc|iPhoneSimulator = Ad-Hoc|iPhoneSimulator
		Ad-Hoc|Mixed Platforms = Ad-Hoc|Mixed Platforms
		Ad-Hoc|x86 = Ad-Hoc|x86
		AppStore|Any CPU = AppStore|Any CPU
		AppStore|ARM = AppStore|ARM
		AppStore|iPhone = AppStore|iPhone
		AppStore|iPhoneSimulator = AppStore|iPhoneSimulator
		AppStore|Mixed Platforms = AppStore|Mixed Platforms
		AppStore|x86 = AppStore|x86
		Debug|Any CPU = Debug|Any CPU
		Debug|ARM = Debug|ARM
		Debug|iPhone = Debug|iPhone
		Debug|iPhoneSimulator = Debug|iPhoneSimulator
		Debug|Mixed Platforms = Debug|Mixed Platforms
		Debug|x86 = Debug|x86
		Release|Any CPU = Release|Any CPU
		Release|ARM = Release|ARM
		Release|iPhone = Release|iPhone
		Release|iPhoneSimulator = Release|iPhoneSimulator
		Release|Mixed Platforms = Release|Mixed Platforms
		Release|x86 = Release|x86
	EndGlobalSection
	GlobalSection(ProjectConfigurationPlatforms) = postSolution
		{DAB5FF2C-3275-46D7-A2C9-ACA4E4BE72E5}.Ad-Hoc|Any CPU.ActiveCfg = Release|Any CPU
		{DAB5FF2C-3275-46D7-A2C9-ACA4E4BE72E5}.Ad-Hoc|Any CPU.Build.0 = Release|Any CPU
		{DAB5FF2C-3275-46D7-A2C9-ACA4E4BE72E5}.Ad-Hoc|ARM.ActiveCfg = Release|Any CPU
		{DAB5FF2C-3275-46D7-A2C9-ACA4E4BE72E5}.Ad-Hoc|iPhone.ActiveCfg = Release|Any CPU
		{DAB5FF2C-3275-46D7-A2C9-ACA4E4BE72E5}.Ad-Hoc|iPhoneSimulator.ActiveCfg = Release|Any CPU
		{DAB5FF2C-3275-46D7-A2C9-ACA4E4BE72E5}.Ad-Hoc|Mixed Platforms.ActiveCfg = Release|Any CPU
		{DAB5FF2C-3275-46D7-A2C9-ACA4E4BE72E5}.Ad-Hoc|Mixed Platforms.Build.0 = Release|Any CPU
		{DAB5FF2C-3275-46D7-A2C9-ACA4E4BE72E5}.Ad-Hoc|x86.ActiveCfg = Release|Any CPU
		{DAB5FF2C-3275-46D7-A2C9-ACA4E4BE72E5}.AppStore|Any CPU.ActiveCfg = Release|Any CPU
		{DAB5FF2C-3275-46D7-A2C9-ACA4E4BE72E5}.AppStore|Any CPU.Build.0 = Release|Any CPU
		{DAB5FF2C-3275-46D7-A2C9-ACA4E4BE72E5}.AppStore|ARM.ActiveCfg = Release|Any CPU
		{DAB5FF2C-3275-46D7-A2C9-ACA4E4BE72E5}.AppStore|iPhone.ActiveCfg = Release|Any CPU
		{DAB5FF2C-3275-46D7-A2C9-ACA4E4BE72E5}.AppStore|iPhoneSimulator.ActiveCfg = Release|Any CPU
		{DAB5FF2C-3275-46D7-A2C9-ACA4E4BE72E5}.AppStore|Mixed Platforms.ActiveCfg = Release|Any CPU
		{DAB5FF2C-3275-46D7-A2C9-ACA4E4BE72E5}.AppStore|Mixed Platforms.Build.0 = Release|Any CPU
		{DAB5FF2C-3275-46D7-A2C9-ACA4E4BE72E5}.AppStore|x86.ActiveCfg = Release|Any CPU
		{DAB5FF2C-3275-46D7-A2C9-ACA4E4BE72E5}.Debug|Any CPU.ActiveCfg = Debug|Any CPU
		{DAB5FF2C-3275-46D7-A2C9-ACA4E4BE72E5}.Debug|Any CPU.Build.0 = Debug|Any CPU
		{DAB5FF2C-3275-46D7-A2C9-ACA4E4BE72E5}.Debug|ARM.ActiveCfg = Debug|Any CPU
		{DAB5FF2C-3275-46D7-A2C9-ACA4E4BE72E5}.Debug|ARM.Build.0 = Debug|Any CPU
		{DAB5FF2C-3275-46D7-A2C9-ACA4E4BE72E5}.Debug|iPhone.ActiveCfg = Debug|Any CPU
		{DAB5FF2C-3275-46D7-A2C9-ACA4E4BE72E5}.Debug|iPhoneSimulator.ActiveCfg = Debug|Any CPU
		{DAB5FF2C-3275-46D7-A2C9-ACA4E4BE72E5}.Debug|iPhoneSimulator.Build.0 = Debug|Any CPU
		{DAB5FF2C-3275-46D7-A2C9-ACA4E4BE72E5}.Debug|Mixed Platforms.ActiveCfg = Debug|Any CPU
		{DAB5FF2C-3275-46D7-A2C9-ACA4E4BE72E5}.Debug|Mixed Platforms.Build.0 = Debug|Any CPU
		{DAB5FF2C-3275-46D7-A2C9-ACA4E4BE72E5}.Debug|x86.ActiveCfg = Debug|Any CPU
		{DAB5FF2C-3275-46D7-A2C9-ACA4E4BE72E5}.Debug|x86.Build.0 = Debug|Any CPU
		{DAB5FF2C-3275-46D7-A2C9-ACA4E4BE72E5}.Release|Any CPU.ActiveCfg = Release|Any CPU
		{DAB5FF2C-3275-46D7-A2C9-ACA4E4BE72E5}.Release|Any CPU.Build.0 = Release|Any CPU
		{DAB5FF2C-3275-46D7-A2C9-ACA4E4BE72E5}.Release|ARM.ActiveCfg = Release|Any CPU
		{DAB5FF2C-3275-46D7-A2C9-ACA4E4BE72E5}.Release|iPhone.ActiveCfg = Release|Any CPU
		{DAB5FF2C-3275-46D7-A2C9-ACA4E4BE72E5}.Release|iPhoneSimulator.ActiveCfg = Release|Any CPU
		{DAB5FF2C-3275-46D7-A2C9-ACA4E4BE72E5}.Release|Mixed Platforms.ActiveCfg = Release|Any CPU
		{DAB5FF2C-3275-46D7-A2C9-ACA4E4BE72E5}.Release|Mixed Platforms.Build.0 = Release|Any CPU
		{DAB5FF2C-3275-46D7-A2C9-ACA4E4BE72E5}.Release|x86.ActiveCfg = Release|Any CPU
		{02C294A6-EB62-4856-96CA-DAAA4DA18D23}.Ad-Hoc|Any CPU.ActiveCfg = Ad-Hoc|iPhone
		{02C294A6-EB62-4856-96CA-DAAA4DA18D23}.Ad-Hoc|ARM.ActiveCfg = Ad-Hoc|iPhone
		{02C294A6-EB62-4856-96CA-DAAA4DA18D23}.Ad-Hoc|iPhone.ActiveCfg = Ad-Hoc|iPhone
		{02C294A6-EB62-4856-96CA-DAAA4DA18D23}.Ad-Hoc|iPhone.Build.0 = Ad-Hoc|iPhone
		{02C294A6-EB62-4856-96CA-DAAA4DA18D23}.Ad-Hoc|iPhoneSimulator.ActiveCfg = Ad-Hoc|iPhoneSimulator
		{02C294A6-EB62-4856-96CA-DAAA4DA18D23}.Ad-Hoc|iPhoneSimulator.Build.0 = Ad-Hoc|iPhoneSimulator
		{02C294A6-EB62-4856-96CA-DAAA4DA18D23}.Ad-Hoc|Mixed Platforms.ActiveCfg = Ad-Hoc|iPhone
		{02C294A6-EB62-4856-96CA-DAAA4DA18D23}.Ad-Hoc|Mixed Platforms.Build.0 = Ad-Hoc|iPhone
		{02C294A6-EB62-4856-96CA-DAAA4DA18D23}.Ad-Hoc|x86.ActiveCfg = Ad-Hoc|iPhone
		{02C294A6-EB62-4856-96CA-DAAA4DA18D23}.AppStore|Any CPU.ActiveCfg = AppStore|iPhone
		{02C294A6-EB62-4856-96CA-DAAA4DA18D23}.AppStore|ARM.ActiveCfg = AppStore|iPhone
		{02C294A6-EB62-4856-96CA-DAAA4DA18D23}.AppStore|iPhone.ActiveCfg = AppStore|iPhone
		{02C294A6-EB62-4856-96CA-DAAA4DA18D23}.AppStore|iPhone.Build.0 = AppStore|iPhone
		{02C294A6-EB62-4856-96CA-DAAA4DA18D23}.AppStore|iPhoneSimulator.ActiveCfg = AppStore|iPhoneSimulator
		{02C294A6-EB62-4856-96CA-DAAA4DA18D23}.AppStore|iPhoneSimulator.Build.0 = AppStore|iPhoneSimulator
		{02C294A6-EB62-4856-96CA-DAAA4DA18D23}.AppStore|Mixed Platforms.ActiveCfg = AppStore|iPhone
		{02C294A6-EB62-4856-96CA-DAAA4DA18D23}.AppStore|Mixed Platforms.Build.0 = AppStore|iPhone
		{02C294A6-EB62-4856-96CA-DAAA4DA18D23}.AppStore|x86.ActiveCfg = AppStore|iPhone
		{02C294A6-EB62-4856-96CA-DAAA4DA18D23}.Debug|Any CPU.ActiveCfg = Debug|iPhone
		{02C294A6-EB62-4856-96CA-DAAA4DA18D23}.Debug|ARM.ActiveCfg = Debug|iPhone
		{02C294A6-EB62-4856-96CA-DAAA4DA18D23}.Debug|iPhone.ActiveCfg = Debug|iPhone
		{02C294A6-EB62-4856-96CA-DAAA4DA18D23}.Debug|iPhone.Build.0 = Debug|iPhone
		{02C294A6-EB62-4856-96CA-DAAA4DA18D23}.Debug|iPhoneSimulator.ActiveCfg = Debug|iPhoneSimulator
		{02C294A6-EB62-4856-96CA-DAAA4DA18D23}.Debug|iPhoneSimulator.Build.0 = Debug|iPhoneSimulator
		{02C294A6-EB62-4856-96CA-DAAA4DA18D23}.Debug|Mixed Platforms.ActiveCfg = Debug|iPhone
		{02C294A6-EB62-4856-96CA-DAAA4DA18D23}.Debug|x86.ActiveCfg = Debug|iPhone
		{02C294A6-EB62-4856-96CA-DAAA4DA18D23}.Release|Any CPU.ActiveCfg = Release|iPhone
		{02C294A6-EB62-4856-96CA-DAAA4DA18D23}.Release|ARM.ActiveCfg = Release|iPhone
		{02C294A6-EB62-4856-96CA-DAAA4DA18D23}.Release|iPhone.ActiveCfg = Release|iPhone
		{02C294A6-EB62-4856-96CA-DAAA4DA18D23}.Release|iPhone.Build.0 = Release|iPhone
		{02C294A6-EB62-4856-96CA-DAAA4DA18D23}.Release|iPhoneSimulator.ActiveCfg = Release|iPhoneSimulator
		{02C294A6-EB62-4856-96CA-DAAA4DA18D23}.Release|iPhoneSimulator.Build.0 = Release|iPhoneSimulator
		{02C294A6-EB62-4856-96CA-DAAA4DA18D23}.Release|Mixed Platforms.ActiveCfg = Release|iPhone
		{02C294A6-EB62-4856-96CA-DAAA4DA18D23}.Release|Mixed Platforms.Build.0 = Release|iPhone
		{02C294A6-EB62-4856-96CA-DAAA4DA18D23}.Release|x86.ActiveCfg = Release|iPhone
		{A74BA15D-64C7-449F-A6AE-167B299C2D7E}.Ad-Hoc|Any CPU.ActiveCfg = Release|Any CPU
		{A74BA15D-64C7-449F-A6AE-167B299C2D7E}.Ad-Hoc|Any CPU.Build.0 = Release|Any CPU
		{A74BA15D-64C7-449F-A6AE-167B299C2D7E}.Ad-Hoc|Any CPU.Deploy.0 = Release|Any CPU
		{A74BA15D-64C7-449F-A6AE-167B299C2D7E}.Ad-Hoc|ARM.ActiveCfg = Release|Any CPU
		{A74BA15D-64C7-449F-A6AE-167B299C2D7E}.Ad-Hoc|iPhone.ActiveCfg = Release|Any CPU
		{A74BA15D-64C7-449F-A6AE-167B299C2D7E}.Ad-Hoc|iPhoneSimulator.ActiveCfg = Release|Any CPU
		{A74BA15D-64C7-449F-A6AE-167B299C2D7E}.Ad-Hoc|Mixed Platforms.ActiveCfg = Release|Any CPU
		{A74BA15D-64C7-449F-A6AE-167B299C2D7E}.Ad-Hoc|Mixed Platforms.Build.0 = Release|Any CPU
		{A74BA15D-64C7-449F-A6AE-167B299C2D7E}.Ad-Hoc|Mixed Platforms.Deploy.0 = Release|Any CPU
		{A74BA15D-64C7-449F-A6AE-167B299C2D7E}.Ad-Hoc|x86.ActiveCfg = Release|Any CPU
		{A74BA15D-64C7-449F-A6AE-167B299C2D7E}.AppStore|Any CPU.ActiveCfg = Release|Any CPU
		{A74BA15D-64C7-449F-A6AE-167B299C2D7E}.AppStore|Any CPU.Build.0 = Release|Any CPU
		{A74BA15D-64C7-449F-A6AE-167B299C2D7E}.AppStore|Any CPU.Deploy.0 = Release|Any CPU
		{A74BA15D-64C7-449F-A6AE-167B299C2D7E}.AppStore|ARM.ActiveCfg = Release|Any CPU
		{A74BA15D-64C7-449F-A6AE-167B299C2D7E}.AppStore|iPhone.ActiveCfg = Release|Any CPU
		{A74BA15D-64C7-449F-A6AE-167B299C2D7E}.AppStore|iPhoneSimulator.ActiveCfg = Release|Any CPU
		{A74BA15D-64C7-449F-A6AE-167B299C2D7E}.AppStore|Mixed Platforms.ActiveCfg = Release|Any CPU
		{A74BA15D-64C7-449F-A6AE-167B299C2D7E}.AppStore|Mixed Platforms.Build.0 = Release|Any CPU
		{A74BA15D-64C7-449F-A6AE-167B299C2D7E}.AppStore|Mixed Platforms.Deploy.0 = Release|Any CPU
		{A74BA15D-64C7-449F-A6AE-167B299C2D7E}.AppStore|x86.ActiveCfg = Release|Any CPU
		{A74BA15D-64C7-449F-A6AE-167B299C2D7E}.Debug|Any CPU.ActiveCfg = Debug|Any CPU
		{A74BA15D-64C7-449F-A6AE-167B299C2D7E}.Debug|Any CPU.Build.0 = Debug|Any CPU
		{A74BA15D-64C7-449F-A6AE-167B299C2D7E}.Debug|Any CPU.Deploy.0 = Debug|Any CPU
		{A74BA15D-64C7-449F-A6AE-167B299C2D7E}.Debug|ARM.ActiveCfg = Debug|Any CPU
		{A74BA15D-64C7-449F-A6AE-167B299C2D7E}.Debug|ARM.Build.0 = Debug|Any CPU
		{A74BA15D-64C7-449F-A6AE-167B299C2D7E}.Debug|ARM.Deploy.0 = Debug|Any CPU
		{A74BA15D-64C7-449F-A6AE-167B299C2D7E}.Debug|iPhone.ActiveCfg = Debug|Any CPU
		{A74BA15D-64C7-449F-A6AE-167B299C2D7E}.Debug|iPhoneSimulator.ActiveCfg = Debug|Any CPU
		{A74BA15D-64C7-449F-A6AE-167B299C2D7E}.Debug|Mixed Platforms.ActiveCfg = Debug|Any CPU
		{A74BA15D-64C7-449F-A6AE-167B299C2D7E}.Debug|x86.ActiveCfg = Debug|Any CPU
		{A74BA15D-64C7-449F-A6AE-167B299C2D7E}.Release|Any CPU.ActiveCfg = Release|Any CPU
		{A74BA15D-64C7-449F-A6AE-167B299C2D7E}.Release|Any CPU.Build.0 = Release|Any CPU
		{A74BA15D-64C7-449F-A6AE-167B299C2D7E}.Release|Any CPU.Deploy.0 = Release|Any CPU
		{A74BA15D-64C7-449F-A6AE-167B299C2D7E}.Release|ARM.ActiveCfg = Release|Any CPU
		{A74BA15D-64C7-449F-A6AE-167B299C2D7E}.Release|iPhone.ActiveCfg = Release|Any CPU
		{A74BA15D-64C7-449F-A6AE-167B299C2D7E}.Release|iPhoneSimulator.ActiveCfg = Release|Any CPU
		{A74BA15D-64C7-449F-A6AE-167B299C2D7E}.Release|Mixed Platforms.ActiveCfg = Release|Any CPU
		{A74BA15D-64C7-449F-A6AE-167B299C2D7E}.Release|Mixed Platforms.Build.0 = Release|Any CPU
		{A74BA15D-64C7-449F-A6AE-167B299C2D7E}.Release|Mixed Platforms.Deploy.0 = Release|Any CPU
		{A74BA15D-64C7-449F-A6AE-167B299C2D7E}.Release|x86.ActiveCfg = Release|Any CPU
		{1D91AB51-0CF3-4432-BAB0-228F53099854}.Ad-Hoc|Any CPU.ActiveCfg = Release|Any CPU
		{1D91AB51-0CF3-4432-BAB0-228F53099854}.Ad-Hoc|Any CPU.Build.0 = Release|Any CPU
		{1D91AB51-0CF3-4432-BAB0-228F53099854}.Ad-Hoc|Any CPU.Deploy.0 = Release|Any CPU
		{1D91AB51-0CF3-4432-BAB0-228F53099854}.Ad-Hoc|ARM.ActiveCfg = Release|ARM
		{1D91AB51-0CF3-4432-BAB0-228F53099854}.Ad-Hoc|ARM.Build.0 = Release|ARM
		{1D91AB51-0CF3-4432-BAB0-228F53099854}.Ad-Hoc|ARM.Deploy.0 = Release|ARM
		{1D91AB51-0CF3-4432-BAB0-228F53099854}.Ad-Hoc|iPhone.ActiveCfg = Release|Any CPU
		{1D91AB51-0CF3-4432-BAB0-228F53099854}.Ad-Hoc|iPhoneSimulator.ActiveCfg = Release|Any CPU
		{1D91AB51-0CF3-4432-BAB0-228F53099854}.Ad-Hoc|Mixed Platforms.ActiveCfg = Release|x86
		{1D91AB51-0CF3-4432-BAB0-228F53099854}.Ad-Hoc|Mixed Platforms.Build.0 = Release|x86
		{1D91AB51-0CF3-4432-BAB0-228F53099854}.Ad-Hoc|Mixed Platforms.Deploy.0 = Release|x86
		{1D91AB51-0CF3-4432-BAB0-228F53099854}.Ad-Hoc|x86.ActiveCfg = Release|x86
		{1D91AB51-0CF3-4432-BAB0-228F53099854}.Ad-Hoc|x86.Build.0 = Release|x86
		{1D91AB51-0CF3-4432-BAB0-228F53099854}.Ad-Hoc|x86.Deploy.0 = Release|x86
		{1D91AB51-0CF3-4432-BAB0-228F53099854}.AppStore|Any CPU.ActiveCfg = Release|Any CPU
		{1D91AB51-0CF3-4432-BAB0-228F53099854}.AppStore|Any CPU.Build.0 = Release|Any CPU
		{1D91AB51-0CF3-4432-BAB0-228F53099854}.AppStore|Any CPU.Deploy.0 = Release|Any CPU
		{1D91AB51-0CF3-4432-BAB0-228F53099854}.AppStore|ARM.ActiveCfg = Release|ARM
		{1D91AB51-0CF3-4432-BAB0-228F53099854}.AppStore|ARM.Build.0 = Release|ARM
		{1D91AB51-0CF3-4432-BAB0-228F53099854}.AppStore|ARM.Deploy.0 = Release|ARM
		{1D91AB51-0CF3-4432-BAB0-228F53099854}.AppStore|iPhone.ActiveCfg = Release|Any CPU
		{1D91AB51-0CF3-4432-BAB0-228F53099854}.AppStore|iPhoneSimulator.ActiveCfg = Release|Any CPU
		{1D91AB51-0CF3-4432-BAB0-228F53099854}.AppStore|Mixed Platforms.ActiveCfg = Release|x86
		{1D91AB51-0CF3-4432-BAB0-228F53099854}.AppStore|Mixed Platforms.Build.0 = Release|x86
		{1D91AB51-0CF3-4432-BAB0-228F53099854}.AppStore|Mixed Platforms.Deploy.0 = Release|x86
		{1D91AB51-0CF3-4432-BAB0-228F53099854}.AppStore|x86.ActiveCfg = Release|x86
		{1D91AB51-0CF3-4432-BAB0-228F53099854}.AppStore|x86.Build.0 = Release|x86
		{1D91AB51-0CF3-4432-BAB0-228F53099854}.AppStore|x86.Deploy.0 = Release|x86
		{1D91AB51-0CF3-4432-BAB0-228F53099854}.Debug|Any CPU.ActiveCfg = Debug|Any CPU
		{1D91AB51-0CF3-4432-BAB0-228F53099854}.Debug|Any CPU.Build.0 = Debug|Any CPU
		{1D91AB51-0CF3-4432-BAB0-228F53099854}.Debug|Any CPU.Deploy.0 = Debug|Any CPU
		{1D91AB51-0CF3-4432-BAB0-228F53099854}.Debug|ARM.ActiveCfg = Debug|ARM
		{1D91AB51-0CF3-4432-BAB0-228F53099854}.Debug|ARM.Build.0 = Debug|ARM
		{1D91AB51-0CF3-4432-BAB0-228F53099854}.Debug|ARM.Deploy.0 = Debug|ARM
		{1D91AB51-0CF3-4432-BAB0-228F53099854}.Debug|iPhone.ActiveCfg = Debug|Any CPU
		{1D91AB51-0CF3-4432-BAB0-228F53099854}.Debug|iPhoneSimulator.ActiveCfg = Debug|Any CPU
		{1D91AB51-0CF3-4432-BAB0-228F53099854}.Debug|Mixed Platforms.ActiveCfg = Debug|x86
		{1D91AB51-0CF3-4432-BAB0-228F53099854}.Debug|Mixed Platforms.Build.0 = Debug|x86
		{1D91AB51-0CF3-4432-BAB0-228F53099854}.Debug|Mixed Platforms.Deploy.0 = Debug|x86
		{1D91AB51-0CF3-4432-BAB0-228F53099854}.Debug|x86.ActiveCfg = Debug|x86
		{1D91AB51-0CF3-4432-BAB0-228F53099854}.Debug|x86.Build.0 = Debug|x86
		{1D91AB51-0CF3-4432-BAB0-228F53099854}.Debug|x86.Deploy.0 = Debug|x86
		{1D91AB51-0CF3-4432-BAB0-228F53099854}.Release|Any CPU.ActiveCfg = Release|Any CPU
		{1D91AB51-0CF3-4432-BAB0-228F53099854}.Release|Any CPU.Build.0 = Release|Any CPU
		{1D91AB51-0CF3-4432-BAB0-228F53099854}.Release|Any CPU.Deploy.0 = Release|Any CPU
		{1D91AB51-0CF3-4432-BAB0-228F53099854}.Release|ARM.ActiveCfg = Release|ARM
		{1D91AB51-0CF3-4432-BAB0-228F53099854}.Release|ARM.Build.0 = Release|ARM
		{1D91AB51-0CF3-4432-BAB0-228F53099854}.Release|ARM.Deploy.0 = Release|ARM
		{1D91AB51-0CF3-4432-BAB0-228F53099854}.Release|iPhone.ActiveCfg = Release|Any CPU
		{1D91AB51-0CF3-4432-BAB0-228F53099854}.Release|iPhoneSimulator.ActiveCfg = Release|Any CPU
		{1D91AB51-0CF3-4432-BAB0-228F53099854}.Release|Mixed Platforms.ActiveCfg = Release|x86
		{1D91AB51-0CF3-4432-BAB0-228F53099854}.Release|Mixed Platforms.Build.0 = Release|x86
		{1D91AB51-0CF3-4432-BAB0-228F53099854}.Release|Mixed Platforms.Deploy.0 = Release|x86
		{1D91AB51-0CF3-4432-BAB0-228F53099854}.Release|x86.ActiveCfg = Release|x86
		{1D91AB51-0CF3-4432-BAB0-228F53099854}.Release|x86.Build.0 = Release|x86
		{1D91AB51-0CF3-4432-BAB0-228F53099854}.Release|x86.Deploy.0 = Release|x86
	EndGlobalSection
	GlobalSection(SolutionProperties) = preSolution
		HideSolutionNode = FALSE
	EndGlobalSection
	GlobalSection(MonoDevelopProperties) = preSolution
		StartupItem = Speakers\Speakers.Android\Speakers.Android.csproj
	EndGlobalSection
EndGlobal
